
Microsoft Visual Studio Solution File, Format Version 11.00
# Visual Studio 2010
Project("{F184B08F-C81C-45F6-A57F-5ABD9991F28F}") = "BPMTapperVbDll", "BPMTapperVbDll.vbproj", "{6B461FD9-06C0-41C5-A9F5-6488639746B7}"
EndProject
Global
	GlobalSection(SolutionConfigurationPlatforms) = preSolution
		Debug|Any CPU = Debug|Any CPU
		Debug|x86 = Debug|x86
		Release|Any CPU = Release|Any CPU
		Release|x86 = Release|x86
	EndGlobalSection
	GlobalSection(ProjectConfigurationPlatforms) = postSolution
		{6B461FD9-06C0-41C5-A9F5-6488639746B7}.Debug|Any CPU.ActiveCfg = Debug|Any CPU
		{6B461FD9-06C0-41C5-A9F5-6488639746B7}.Debug|Any CPU.Build.0 = Debug|Any CPU
		{6B461FD9-06C0-41C5-A9F5-6488639746B7}.Debug|x86.ActiveCfg = Debug|x86
		{6B461FD9-06C0-41C5-A9F5-6488639746B7}.Debug|x86.Build.0 = Debug|x86
		{6B461FD9-06C0-41C5-A9F5-6488639746B7}.Release|Any CPU.ActiveCfg = Release|Any CPU
		{6B461FD9-06C0-41C5-A9F5-6488639746B7}.Release|Any CPU.Build.0 = Release|Any CPU
		{6B461FD9-06C0-41C5-A9F5-6488639746B7}.Release|x86.ActiveCfg = Release|x86
		{6B461FD9-06C0-41C5-A9F5-6488639746B7}.Release|x86.Build.0 = Release|x86
	EndGlobalSection
	GlobalSection(SolutionProperties) = preSolution
		HideSolutionNode = FALSE
	EndGlobalSection
EndGlobal
